// !$*UTF8*$!
{
	archiveVersion = 1;
	classes = {
	};
	objectVersion = 50;
	objects = {

/* Begin PBXBuildFile section */
		3366CDB2245D0524008F1A92 /* ZHXTabItemView.m in Sources */ = {isa = PBXBuildFile; fileRef = 3366CDAF245D0524008F1A92 /* ZHXTabItemView.m */; };
		3366CDB3245D0524008F1A92 /* UIView+Extension.m in Sources */ = {isa = PBXBuildFile; fileRef = 3366CDB1245D0524008F1A92 /* UIView+Extension.m */; };
		33D468F2245BC5280074A33F /* DemoOneController.m in Sources */ = {isa = PBXBuildFile; fileRef = 33D468F1245BC5280074A33F /* DemoOneController.m */; };
		33D468F5245BC53B0074A33F /* DemoTwoViewController.m in Sources */ = {isa = PBXBuildFile; fileRef = 33D468F4245BC53B0074A33F /* DemoTwoViewController.m */; };
		33D468F8245BC54E0074A33F /* DemoThreeViewController.m in Sources */ = {isa = PBXBuildFile; fileRef = 33D468F7245BC54E0074A33F /* DemoThreeViewController.m */; };
		33D46901245C53430074A33F /* basic.gif in Resources */ = {isa = PBXBuildFile; fileRef = 33D468FD245C53420074A33F /* basic.gif */; };
		33D46902245C53430074A33F /* use.jpg in Resources */ = {isa = PBXBuildFile; fileRef = 33D468FE245C53430074A33F /* use.jpg */; };
		33D46903245C53430074A33F /* badge.gif in Resources */ = {isa = PBXBuildFile; fileRef = 33D468FF245C53430074A33F /* badge.gif */; };
		33D46904245C53430074A33F /* mask.gif in Resources */ = {isa = PBXBuildFile; fileRef = 33D46900245C53430074A33F /* mask.gif */; };
		7766775024552ECF00F000B4 /* AppDelegate.m in Sources */ = {isa = PBXBuildFile; fileRef = 7766774F24552ECF00F000B4 /* AppDelegate.m */; };
		7766775324552ECF00F000B4 /* SceneDelegate.m in Sources */ = {isa = PBXBuildFile; fileRef = 7766775224552ECF00F000B4 /* SceneDelegate.m */; };
		7766775B24552ED300F000B4 /* Assets.xcassets in Resources */ = {isa = PBXBuildFile; fileRef = 7766775A24552ED300F000B4 /* Assets.xcassets */; };
		7766775E24552ED300F000B4 /* LaunchScreen.storyboard in Resources */ = {isa = PBXBuildFile; fileRef = 7766775C24552ED300F000B4 /* LaunchScreen.storyboard */; };
		7766776124552ED300F000B4 /* main.m in Sources */ = {isa = PBXBuildFile; fileRef = 7766776024552ED300F000B4 /* main.m */; };
		7766776A2455354D00F000B4 /* ViewController.m in Sources */ = {isa = PBXBuildFile; fileRef = 776677692455354D00F000B4 /* ViewController.m */; };
		7766778D24557BFB00F000B4 /* ZHXTabView.m in Sources */ = {isa = PBXBuildFile; fileRef = 7766778C24557BFB00F000B4 /* ZHXTabView.m */; };
/* End PBXBuildFile section */

/* Begin PBXFileReference section */
		3366CDAE245D0524008F1A92 /* UIView+Extension.h */ = {isa = PBXFileReference; fileEncoding = 4; lastKnownFileType = sourcecode.c.h; path = "UIView+Extension.h"; sourceTree = "<group>"; };
		3366CDAF245D0524008F1A92 /* ZHXTabItemView.m */ = {isa = PBXFileReference; fileEncoding = 4; lastKnownFileType = sourcecode.c.objc; path = ZHXTabItemView.m; sourceTree = "<group>"; };
		3366CDB0245D0524008F1A92 /* ZHXTabItemView.h */ = {isa = PBXFileReference; fileEncoding = 4; lastKnownFileType = sourcecode.c.h; path = ZHXTabItemView.h; sourceTree = "<group>"; };
		3366CDB1245D0524008F1A92 /* UIView+Extension.m */ = {isa = PBXFileReference; fileEncoding = 4; lastKnownFileType = sourcecode.c.objc; path = "UIView+Extension.m"; sourceTree = "<group>"; };
		33D468F0245BC5280074A33F /* DemoOneController.h */ = {isa = PBXFileReference; lastKnownFileType = sourcecode.c.h; path = DemoOneController.h; sourceTree = "<group>"; };
		33D468F1245BC5280074A33F /* DemoOneController.m */ = {isa = PBXFileReference; lastKnownFileType = sourcecode.c.objc; path = DemoOneController.m; sourceTree = "<group>"; };
		33D468F3245BC53B0074A33F /* DemoTwoViewController.h */ = {isa = PBXFileReference; lastKnownFileType = sourcecode.c.h; path = DemoTwoViewController.h; sourceTree = "<group>"; };
		33D468F4245BC53B0074A33F /* DemoTwoViewController.m */ = {isa = PBXFileReference; lastKnownFileType = sourcecode.c.objc; path = DemoTwoViewController.m; sourceTree = "<group>"; };
		33D468F6245BC54E0074A33F /* DemoThreeViewController.h */ = {isa = PBXFileReference; lastKnownFileType = sourcecode.c.h; path = DemoThreeViewController.h; sourceTree = "<group>"; };
		33D468F7245BC54E0074A33F /* DemoThreeViewController.m */ = {isa = PBXFileReference; lastKnownFileType = sourcecode.c.objc; path = DemoThreeViewController.m; sourceTree = "<group>"; };
		33D468FD245C53420074A33F /* basic.gif */ = {isa = PBXFileReference; lastKnownFileType = image.gif; path = basic.gif; sourceTree = "<group>"; };
		33D468FE245C53430074A33F /* use.jpg */ = {isa = PBXFileReference; lastKnownFileType = image.jpeg; path = use.jpg; sourceTree = "<group>"; };
		33D468FF245C53430074A33F /* badge.gif */ = {isa = PBXFileReference; lastKnownFileType = image.gif; path = badge.gif; sourceTree = "<group>"; };
		33D46900245C53430074A33F /* mask.gif */ = {isa = PBXFileReference; lastKnownFileType = image.gif; path = mask.gif; sourceTree = "<group>"; };
		7766774B24552ECF00F000B4 /* ZHXTabView.app */ = {isa = PBXFileReference; explicitFileType = wrapper.application; includeInIndex = 0; path = ZHXTabView.app; sourceTree = BUILT_PRODUCTS_DIR; };
		7766774E24552ECF00F000B4 /* AppDelegate.h */ = {isa = PBXFileReference; lastKnownFileType = sourcecode.c.h; path = AppDelegate.h; sourceTree = "<group>"; };
		7766774F24552ECF00F000B4 /* AppDelegate.m */ = {isa = PBXFileReference; lastKnownFileType = sourcecode.c.objc; path = AppDelegate.m; sourceTree = "<group>"; };
		7766775124552ECF00F000B4 /* SceneDelegate.h */ = {isa = PBXFileReference; lastKnownFileType = sourcecode.c.h; path = SceneDelegate.h; sourceTree = "<group>"; };
		7766775224552ECF00F000B4 /* SceneDelegate.m */ = {isa = PBXFileReference; lastKnownFileType = sourcecode.c.objc; path = SceneDelegate.m; sourceTree = "<group>"; };
		7766775A24552ED300F000B4 /* Assets.xcassets */ = {isa = PBXFileReference; lastKnownFileType = folder.assetcatalog; path = Assets.xcassets; sourceTree = "<group>"; };
		7766775D24552ED300F000B4 /* Base */ = {isa = PBXFileReference; lastKnownFileType = file.storyboard; name = Base; path = Base.lproj/LaunchScreen.storyboard; sourceTree = "<group>"; };
		7766775F24552ED300F000B4 /* Info.plist */ = {isa = PBXFileReference; lastKnownFileType = text.plist.xml; path = Info.plist; sourceTree = "<group>"; };
		7766776024552ED300F000B4 /* main.m */ = {isa = PBXFileReference; lastKnownFileType = sourcecode.c.objc; path = main.m; sourceTree = "<group>"; };
		776677682455354D00F000B4 /* ViewController.h */ = {isa = PBXFileReference; lastKnownFileType = sourcecode.c.h; path = ViewController.h; sourceTree = "<group>"; };
		776677692455354D00F000B4 /* ViewController.m */ = {isa = PBXFileReference; lastKnownFileType = sourcecode.c.objc; path = ViewController.m; sourceTree = "<group>"; };
		7766778B24557BFB00F000B4 /* ZHXTabView.h */ = {isa = PBXFileReference; lastKnownFileType = sourcecode.c.h; path = ZHXTabView.h; sourceTree = "<group>"; };
		7766778C24557BFB00F000B4 /* ZHXTabView.m */ = {isa = PBXFileReference; lastKnownFileType = sourcecode.c.objc; path = ZHXTabView.m; sourceTree = "<group>"; };
/* End PBXFileReference section */

/* Begin PBXFrameworksBuildPhase section */
		7766774824552ECF00F000B4 /* Frameworks */ = {
			isa = PBXFrameworksBuildPhase;
			buildActionMask = 2147483647;
			files = (
			);
			runOnlyForDeploymentPostprocessing = 0;
		};
/* End PBXFrameworksBuildPhase section */

/* Begin PBXGroup section */
		33D468FC245C53360074A33F /* Resource */ = {
			isa = PBXGroup;
			children = (
				33D468FF245C53430074A33F /* badge.gif */,
				33D468FD245C53420074A33F /* basic.gif */,
				33D46900245C53430074A33F /* mask.gif */,
				33D468FE245C53430074A33F /* use.jpg */,
				3366CDAE245D0524008F1A92 /* UIView+Extension.h */,
				3366CDB1245D0524008F1A92 /* UIView+Extension.m */,
				3366CDB0245D0524008F1A92 /* ZHXTabItemView.h */,
				3366CDAF245D0524008F1A92 /* ZHXTabItemView.m */,
			);
			path = Resource;
			sourceTree = "<group>";
		};
		7766774224552ECF00F000B4 = {
			isa = PBXGroup;
			children = (
				7766774D24552ECF00F000B4 /* ZHXTabView */,
				7766774C24552ECF00F000B4 /* Products */,
			);
			sourceTree = "<group>";
		};
		7766774C24552ECF00F000B4 /* Products */ = {
			isa = PBXGroup;
			children = (
				7766774B24552ECF00F000B4 /* ZHXTabView.app */,
			);
			name = Products;
			sourceTree = "<group>";
		};
		7766774D24552ECF00F000B4 /* ZHXTabView */ = {
			isa = PBXGroup;
			children = (
				33D468FC245C53360074A33F /* Resource */,
				7766778924557AC300F000B4 /* ZHXTabView */,
				776677672455352A00F000B4 /* Demo */,
				7766774E24552ECF00F000B4 /* AppDelegate.h */,
				7766774F24552ECF00F000B4 /* AppDelegate.m */,
				7766775124552ECF00F000B4 /* SceneDelegate.h */,
				7766775224552ECF00F000B4 /* SceneDelegate.m */,
				7766775A24552ED300F000B4 /* Assets.xcassets */,
				7766775C24552ED300F000B4 /* LaunchScreen.storyboard */,
				7766775F24552ED300F000B4 /* Info.plist */,
				7766776024552ED300F000B4 /* main.m */,
			);
			path = ZHXTabView;
			sourceTree = "<group>";
		};
		776677672455352A00F000B4 /* Demo */ = {
			isa = PBXGroup;
			children = (
				776677682455354D00F000B4 /* ViewController.h */,
				776677692455354D00F000B4 /* ViewController.m */,
				33D468F0245BC5280074A33F /* DemoOneController.h */,
				33D468F1245BC5280074A33F /* DemoOneController.m */,
				33D468F3245BC53B0074A33F /* DemoTwoViewController.h */,
				33D468F4245BC53B0074A33F /* DemoTwoViewController.m */,
				33D468F6245BC54E0074A33F /* DemoThreeViewController.h */,
				33D468F7245BC54E0074A33F /* DemoThreeViewController.m */,
			);
			path = Demo;
			sourceTree = "<group>";
		};
		7766778924557AC300F000B4 /* ZHXTabView */ = {
			isa = PBXGroup;
			children = (
				7766778B24557BFB00F000B4 /* ZHXTabView.h */,
				7766778C24557BFB00F000B4 /* ZHXTabView.m */,
			);
			path = ZHXTabView;
			sourceTree = "<group>";
		};
/* End PBXGroup section */

/* Begin PBXNativeTarget section */
		7766774A24552ECF00F000B4 /* ZHXTabView */ = {
			isa = PBXNativeTarget;
			buildConfigurationList = 7766776424552ED300F000B4 /* Build configuration list for PBXNativeTarget "ZHXTabView" */;
			buildPhases = (
				7766774724552ECF00F000B4 /* Sources */,
				7766774824552ECF00F000B4 /* Frameworks */,
				7766774924552ECF00F000B4 /* Resources */,
			);
			buildRules = (
			);
			dependencies = (
			);
			name = ZHXTabView;
			productName = ZHXTabView;
			productReference = 7766774B24552ECF00F000B4 /* ZHXTabView.app */;
			productType = "com.apple.product-type.application";
		};
/* End PBXNativeTarget section */

/* Begin PBXProject section */
		7766774324552ECF00F000B4 /* Project object */ = {
			isa = PBXProject;
			attributes = {
				LastUpgradeCheck = 1140;
				ORGANIZATIONNAME = "张玺";
				TargetAttributes = {
					7766774A24552ECF00F000B4 = {
						CreatedOnToolsVersion = 11.4.1;
					};
				};
			};
			buildConfigurationList = 7766774624552ECF00F000B4 /* Build configuration list for PBXProject "ZHXTabView" */;
			compatibilityVersion = "Xcode 9.3";
			developmentRegion = en;
			hasScannedForEncodings = 0;
			knownRegions = (
				en,
				Base,
			);
			mainGroup = 7766774224552ECF00F000B4;
			productRefGroup = 7766774C24552ECF00F000B4 /* Products */;
			projectDirPath = "";
			projectRoot = "";
			targets = (
				7766774A24552ECF00F000B4 /* ZHXTabView */,
			);
		};
/* End PBXProject section */

/* Begin PBXResourcesBuildPhase section */
		7766774924552ECF00F000B4 /* Resources */ = {
			isa = PBXResourcesBuildPhase;
			buildActionMask = 2147483647;
			files = (
				33D46901245C53430074A33F /* basic.gif in Resources */,
				33D46903245C53430074A33F /* badge.gif in Resources */,
				7766775E24552ED300F000B4 /* LaunchScreen.storyboard in Resources */,
				7766775B24552ED300F000B4 /* Assets.xcassets in Resources */,
				33D46904245C53430074A33F /* mask.gif in Resources */,
				33D46902245C53430074A33F /* use.jpg in Resources */,
			);
			runOnlyForDeploymentPostprocessing = 0;
		};
/* End PBXResourcesBuildPhase section */

/* Begin PBXSourcesBuildPhase section */
		7766774724552ECF00F000B4 /* Sources */ = {
			isa = PBXSourcesBuildPhase;
			buildActionMask = 2147483647;
			files = (
				3366CDB3245D0524008F1A92 /* UIView+Extension.m in Sources */,
				33D468F5245BC53B0074A33F /* DemoTwoViewController.m in Sources */,
				7766778D24557BFB00F000B4 /* ZHXTabView.m in Sources */,
				3366CDB2245D0524008F1A92 /* ZHXTabItemView.m in Sources */,
				33D468F2245BC5280074A33F /* DemoOneController.m in Sources */,
				7766775024552ECF00F000B4 /* AppDelegate.m in Sources */,
				7766776124552ED300F000B4 /* main.m in Sources */,
				7766775324552ECF00F000B4 /* SceneDelegate.m in Sources */,
				33D468F8245BC54E0074A33F /* DemoThreeViewController.m in Sources */,
				7766776A2455354D00F000B4 /* ViewController.m in Sources */,
			);
			runOnlyForDeploymentPostprocessing = 0;
		};
/* End PBXSourcesBuildPhase section */

/* Begin PBXVariantGroup section */
		7766775C24552ED300F000B4 /* LaunchScreen.storyboard */ = {
			isa = PBXVariantGroup;
			children = (
				7766775D24552ED300F000B4 /* Base */,
			);
			name = LaunchScreen.storyboard;
			sourceTree = "<group>";
		};
/* End PBXVariantGroup section */

/* Begin XCBuildConfiguration section */
		7766776224552ED300F000B4 /* Debug */ = {
			isa = XCBuildConfiguration;
			buildSettings = {
				ALWAYS_SEARCH_USER_PATHS = NO;
				CLANG_ANALYZER_NONNULL = YES;
				CLANG_ANALYZER_NUMBER_OBJECT_CONVERSION = YES_AGGRESSIVE;
				CLANG_CXX_LANGUAGE_STANDARD = "gnu++14";
				CLANG_CXX_LIBRARY = "libc++";
				CLANG_ENABLE_MODULES = YES;
				CLANG_ENABLE_OBJC_ARC = YES;
				CLANG_ENABLE_OBJC_WEAK = YES;
				CLANG_WARN_BLOCK_CAPTURE_AUTORELEASING = YES;
				CLANG_WARN_BOOL_CONVERSION = YES;
				CLANG_WARN_COMMA = YES;
				CLANG_WARN_CONSTANT_CONVERSION = YES;
				CLANG_WARN_DEPRECATED_OBJC_IMPLEMENTATIONS = YES;
				CLANG_WARN_DIRECT_OBJC_ISA_USAGE = YES_ERROR;
				CLANG_WARN_DOCUMENTATION_COMMENTS = YES;
				CLANG_WARN_EMPTY_BODY = YES;
				CLANG_WARN_ENUM_CONVERSION = YES;
				CLANG_WARN_INFINITE_RECURSION = YES;
				CLANG_WARN_INT_CONVERSION = YES;
				CLANG_WARN_NON_LITERAL_NULL_CONVERSION = YES;
				CLANG_WARN_OBJC_IMPLICIT_RETAIN_SELF = YES;
				CLANG_WARN_OBJC_LITERAL_CONVERSION = YES;
				CLANG_WARN_OBJC_ROOT_CLASS = YES_ERROR;
				CLANG_WARN_RANGE_LOOP_ANALYSIS = YES;
				CLANG_WARN_STRICT_PROTOTYPES = YES;
				CLANG_WARN_SUSPICIOUS_MOVE = YES;
				CLANG_WARN_UNGUARDED_AVAILABILITY = YES_AGGRESSIVE;
				CLANG_WARN_UNREACHABLE_CODE = YES;
				CLANG_WARN__DUPLICATE_METHOD_MATCH = YES;
				COPY_PHASE_STRIP = NO;
				DEBUG_INFORMATION_FORMAT = dwarf;
				ENABLE_STRICT_OBJC_MSGSEND = YES;
				ENABLE_TESTABILITY = YES;
				GCC_C_LANGUAGE_STANDARD = gnu11;
				GCC_DYNAMIC_NO_PIC = NO;
				GCC_NO_COMMON_BLOCKS = YES;
				GCC_OPTIMIZATION_LEVEL = 0;
				GCC_PREPROCESSOR_DEFINITIONS = (
					"DEBUG=1",
					"$(inherited)",
				);
				GCC_WARN_64_TO_32_BIT_CONVERSION = YES;
				GCC_WARN_ABOUT_RETURN_TYPE = YES_ERROR;
				GCC_WARN_UNDECLARED_SELECTOR = YES;
				GCC_WARN_UNINITIALIZED_AUTOS = YES_AGGRESSIVE;
				GCC_WARN_UNUSED_FUNCTION = YES;
				GCC_WARN_UNUSED_VARIABLE = YES;
				IPHONEOS_DEPLOYMENT_TARGET = 13.4;
				MTL_ENABLE_DEBUG_INFO = INCLUDE_SOURCE;
				MTL_FAST_MATH = YES;
				ONLY_ACTIVE_ARCH = YES;
				SDKROOT = iphoneos;
			};
			name = Debug;
		};
		7766776324552ED300F000B4 /* Release */ = {
			isa = XCBuildConfiguration;
			buildSettings = {
				ALWAYS_SEARCH_USER_PATHS = NO;
				CLANG_ANALYZER_NONNULL = YES;
				CLANG_ANALYZER_NUMBER_OBJECT_CONVERSION = YES_AGGRESSIVE;
				CLANG_CXX_LANGUAGE_STANDARD = "gnu++14";
				CLANG_CXX_LIBRARY = "libc++";
				CLANG_ENABLE_MODULES = YES;
				CLANG_ENABLE_OBJC_ARC = YES;
				CLANG_ENABLE_OBJC_WEAK = YES;
				CLANG_WARN_BLOCK_CAPTURE_AUTORELEASING = YES;
				CLANG_WARN_BOOL_CONVERSION = YES;
				CLANG_WARN_COMMA = YES;
				CLANG_WARN_CONSTANT_CONVERSION = YES;
				CLANG_WARN_DEPRECATED_OBJC_IMPLEMENTATIONS = YES;
				CLANG_WARN_DIRECT_OBJC_ISA_USAGE = YES_ERROR;
				CLANG_WARN_DOCUMENTATION_COMMENTS = YES;
				CLANG_WARN_EMPTY_BODY = YES;
				CLANG_WARN_ENUM_CONVERSION = YES;
				CLANG_WARN_INFINITE_RECURSION = YES;
				CLANG_WARN_INT_CONVERSION = YES;
				CLANG_WARN_NON_LITERAL_NULL_CONVERSION = YES;
				CLANG_WARN_OBJC_IMPLICIT_RETAIN_SELF = YES;
				CLANG_WARN_OBJC_LITERAL_CONVERSION = YES;
				CLANG_WARN_OBJC_ROOT_CLASS = YES_ERROR;
				CLANG_WARN_RANGE_LOOP_ANALYSIS = YES;
				CLANG_WARN_STRICT_PROTOTYPES = YES;
				CLANG_WARN_SUSPICIOUS_MOVE = YES;
				CLANG_WARN_UNGUARDED_AVAILABILITY = YES_AGGRESSIVE;
				CLANG_WARN_UNREACHABLE_CODE = YES;
				CLANG_WARN__DUPLICATE_METHOD_MATCH = YES;
				COPY_PHASE_STRIP = NO;
				DEBUG_INFORMATION_FORMAT = "dwarf-with-dsym";
				ENABLE_NS_ASSERTIONS = NO;
				ENABLE_STRICT_OBJC_MSGSEND = YES;
				GCC_C_LANGUAGE_STANDARD = gnu11;
				GCC_NO_COMMON_BLOCKS = YES;
				GCC_WARN_64_TO_32_BIT_CONVERSION = YES;
				GCC_WARN_ABOUT_RETURN_TYPE = YES_ERROR;
				GCC_WARN_UNDECLARED_SELECTOR = YES;
				GCC_WARN_UNINITIALIZED_AUTOS = YES_AGGRESSIVE;
				GCC_WARN_UNUSED_FUNCTION = YES;
				GCC_WARN_UNUSED_VARIABLE = YES;
				IPHONEOS_DEPLOYMENT_TARGET = 13.4;
				MTL_ENABLE_DEBUG_INFO = NO;
				MTL_FAST_MATH = YES;
				SDKROOT = iphoneos;
				VALIDATE_PRODUCT = YES;
			};
			name = Release;
		};
		7766776524552ED300F000B4 /* Debug */ = {
			isa = XCBuildConfiguration;
			buildSettings = {
				ASSETCATALOG_COMPILER_APPICON_NAME = AppIcon;
				CODE_SIGN_STYLE = Automatic;
				DEVELOPMENT_TEAM = MS8TX68Z59;
				INFOPLIST_FILE = ZHXTabView/Info.plist;
				LD_RUNPATH_SEARCH_PATHS = (
					"$(inherited)",
					"@executable_path/Frameworks",
				);
				PRODUCT_BUNDLE_IDENTIFIER = www.zx.com.ZHXTabView;
				PRODUCT_NAME = "$(TARGET_NAME)";
				TARGETED_DEVICE_FAMILY = "1,2";
			};
			name = Debug;
		};
		7766776624552ED300F000B4 /* Release */ = {
			isa = XCBuildConfiguration;
			buildSettings = {
				ASSETCATALOG_COMPILER_APPICON_NAME = AppIcon;
				CODE_SIGN_STYLE = Automatic;
				DEVELOPMENT_TEAM = MS8TX68Z59;
				INFOPLIST_FILE = ZHXTabView/Info.plist;
				LD_RUNPATH_SEARCH_PATHS = (
					"$(inherited)",
					"@executable_path/Frameworks",
				);
				PRODUCT_BUNDLE_IDENTIFIER = www.zx.com.ZHXTabView;
				PRODUCT_NAME = "$(TARGET_NAME)";
				TARGETED_DEVICE_FAMILY = "1,2";
			};
			name = Release;
		};
/* End XCBuildConfiguration section */

/* Begin XCConfigurationList section */
		7766774624552ECF00F000B4 /* Build configuration list for PBXProject "ZHXTabView" */ = {
			isa = XCConfigurationList;
			buildConfigurations = (
				7766776224552ED300F000B4 /* Debug */,
				7766776324552ED300F000B4 /* Release */,
			);
			defaultConfigurationIsVisible = 0;
			defaultConfigurationName = Release;
		};
		7766776424552ED300F000B4 /* Build configuration list for PBXNativeTarget "ZHXTabView" */ = {
			isa = XCConfigurationList;
			buildConfigurations = (
				7766776524552ED300F000B4 /* Debug */,
				7766776624552ED300F000B4 /* Release */,
			);
			defaultConfigurationIsVisible = 0;
			defaultConfigurationName = Release;
		};
/* End XCConfigurationList section */
	};
	rootObject = 7766774324552ECF00F000B4 /* Project object */;
}
